
Microsoft Visual Studio Solution File, Format Version 12.00
Project("{FAE04EC0-301F-11D3-BF4B-00C04F79EFBC}") = "apbd-cw2-git-s32959", "apbd-cw2-git-s32959\apbd-cw2-git-s32959.csproj", "{2148AB7B-10D8-4B6E-8E88-8F71E1061385}"
EndProject
Global
	GlobalSection(SolutionConfigurationPlatforms) = preSolution
		Debug|Any CPU = Debug|Any CPU
		Release|Any CPU = Release|Any CPU
	EndGlobalSection
	GlobalSection(ProjectConfigurationPlatforms) = postSolution
		{2148AB7B-10D8-4B6E-8E88-8F71E1061385}.Debug|Any CPU.ActiveCfg = Debug|Any CPU
		{2148AB7B-10D8-4B6E-8E88-8F71E1061385}.Debug|Any CPU.Build.0 = Debug|Any CPU
		{2148AB7B-10D8-4B6E-8E88-8F71E1061385}.Release|Any CPU.ActiveCfg = Release|Any CPU
		{2148AB7B-10D8-4B6E-8E88-8F71E1061385}.Release|Any CPU.Build.0 = Release|Any CPU
	EndGlobalSection
EndGlobal
